
Microsoft Visual Studio Solution File, Format Version 12.00
# Visual Studio Version 17
VisualStudioVersion = 17.0.31919.166
MinimumVisualStudioVersion = 10.0.40219.1
Project("{FAE04EC0-301F-11D3-BF4B-00C04F79EFBC}") = "500W_Quiz4_ClassEmployee", "500W_Quiz4_ClassEmployee\500W_Quiz4_ClassEmployee.csproj", "{215126A9-BEA7-4956-82AC-629E987A0246}"
EndProject
Global
	GlobalSection(SolutionConfigurationPlatforms) = preSolution
		Debug|Any CPU = Debug|Any CPU
		Release|Any CPU = Release|Any CPU
	EndGlobalSection
	GlobalSection(ProjectConfigurationPlatforms) = postSolution
		{215126A9-BEA7-4956-82AC-629E987A0246}.Debug|Any CPU.ActiveCfg = Debug|Any CPU
		{215126A9-BEA7-4956-82AC-629E987A0246}.Debug|Any CPU.Build.0 = Debug|Any CPU
		{215126A9-BEA7-4956-82AC-629E987A0246}.Release|Any CPU.ActiveCfg = Release|Any CPU
		{215126A9-BEA7-4956-82AC-629E987A0246}.Release|Any CPU.Build.0 = Release|Any CPU
	EndGlobalSection
	GlobalSection(SolutionProperties) = preSolution
		HideSolutionNode = FALSE
	EndGlobalSection
	GlobalSection(ExtensibilityGlobals) = postSolution
		SolutionGuid = {B0C5BD30-414D-4BFB-8EFB-6DCA8BF135C4}
	EndGlobalSection
EndGlobal
